
Microsoft Visual Studio Solution File, Format Version 12.00
# Visual Studio Version 16
VisualStudioVersion = 16.0.30104.148
MinimumVisualStudioVersion = 10.0.40219.1
Project("{FAE04EC0-301F-11D3-BF4B-00C04F79EFBC}") = "ServerCode", "ServerCode.csproj", "{1C463F3C-6CCA-4B57-9B5A-4122730644AF}"
EndProject
Global
	GlobalSection(SolutionConfigurationPlatforms) = preSolution
		Debug|Any CPU = Debug|Any CPU
		Release|Any CPU = Release|Any CPU
	EndGlobalSection
	GlobalSection(ProjectConfigurationPlatforms) = postSolution
		{1C463F3C-6CCA-4B57-9B5A-4122730644AF}.Debug|Any CPU.ActiveCfg = Debug|Any CPU
		{1C463F3C-6CCA-4B57-9B5A-4122730644AF}.Debug|Any CPU.Build.0 = Debug|Any CPU
		{1C463F3C-6CCA-4B57-9B5A-4122730644AF}.Release|Any CPU.ActiveCfg = Release|Any CPU
		{1C463F3C-6CCA-4B57-9B5A-4122730644AF}.Release|Any CPU.Build.0 = Release|Any CPU
	EndGlobalSection
	GlobalSection(SolutionProperties) = preSolution
		HideSolutionNode = FALSE
	EndGlobalSection
	GlobalSection(ExtensibilityGlobals) = postSolution
		SolutionGuid = {658DA1F5-B1F2-4798-B4DD-45FAE8482BE6}
	EndGlobalSection
EndGlobal
